{
  "name": "ng-select2",
  "version": "1.2.2",
  "lockfileVersion": 1,
  "requires": true,
  "dependencies": {
    "@types/jquery": {
      "version": "3.3.2",
      "resolved": "https://registry.npmjs.org/@types/jquery/-/jquery-3.3.2.tgz",
      "integrity": "sha512-ByZwKSEqteAta4VrIalqGJZmMq9lWPD3H3f5Xs6RR8B7zQRDPGUtjoKBYNtKTz/7LgBEQMdlxVbbjQfUaEIItA==",
      "dev": true
    },
    "@types/requirejs": {
      "version": "2.1.31",
      "resolved": "https://registry.npmjs.org/@types/requirejs/-/requirejs-2.1.31.tgz",
      "integrity": "sha512-b2soeyuU76rMbcRJ4e0hEl0tbMhFwZeTC0VZnfuWlfGlk6BwWNsev6kFu/twKABPX29wkX84wU2o+cEJoXsiTw==",
      "dev": true
    },
    "@types/select2": {
      "version": "4.0.46",
      "resolved": "https://registry.npmjs.org/@types/select2/-/select2-4.0.46.tgz",
      "integrity": "sha512-svjtbzRWRG13wMfsrYl9godZkxg3X17ujbhC40bFPBdhQqfyY1Oy/xx/gqfRVAPEmOStI/ldZrQhSgJAs8c9qQ==",
      "dev": true,
      "requires": {
        "@types/jquery": "*",
        "@types/requirejs": "*"
      }
    },
    "almond": {
      "version": "0.3.3",
      "resolved": "https://registry.npmjs.org/almond/-/almond-0.3.3.tgz",
      "integrity": "sha512-Eh5QhyxrKnTI0OuGpwTRvzRrnu1NF3F2kbQJRwpXj/uMy0uycwqw2/RhdDrD1cBTD1JFFHFrxGIU8HQztowR0g==",
      "dev": true
    },
    "jquery-mousewheel": {
      "version": "3.1.13",
      "resolved": "https://registry.npmjs.org/jquery-mousewheel/-/jquery-mousewheel-3.1.13.tgz",
      "integrity": "sha512-GXhSjfOPyDemM005YCEHvzrEALhKDIswtxSHSR2e4K/suHVJKJxxRCGz3skPjNxjJjQa9AVSGGlYjv1M3VLIPg==",
      "dev": true
    },
    "select2": {
      "version": "4.0.6",
      "resolved": "https://registry.npmjs.org/select2/-/select2-4.0.6.tgz",
      "integrity": "sha512-P5NqUcH+FFBwHAbC2mEWMDS446YdIGvXRM9tSGFLuNIFRP/ng0IOtjJ4zkzVyCl43RM/NyXJa6SAPT9MGg634A==",
      "dev": true,
      "requires": {
        "almond": "~0.3.1",
        "jquery-mousewheel": "~3.1.13"
      }
    }
  }
}
